{
  "name": "test",
  "version": "1.0.0",
  "lockfileVersion": 1,
  "requires": true,
  "dependencies": {
    "js-knife": {
      "version": "1.0.0",
      "resolved": "https://registry.npmjs.org/js-knife/-/js-knife-1.0.0.tgz",
      "integrity": "sha512-IHLnWeadWyBY3AryusGfZiOPdPDywuxc8XraPzB5Jc+sPTvRjls0GgL5A6KWmhygObrcrWc0y4GK4I0mSL/u+A=="
    }
  }
}
